
Microsoft Visual Studio Solution File, Format Version 12.00
# Visual Studio 15
Project("{FAE04EC0-301F-11D3-BF4B-00C04F79EFBC}") = "Assembly-CSharp", "Assembly-CSharp.csproj", "{451F13D5-1C1C-F44B-0193-4E2EBA225952}"
EndProject
Project("{FAE04EC0-301F-11D3-BF4B-00C04F79EFBC}") = "Assembly-CSharp-Editor", "Assembly-CSharp-Editor.csproj", "{FE9E0193-25E0-A99C-7572-5F17F827BE2C}"
EndProject
Global
	GlobalSection(SolutionConfigurationPlatforms) = preSolution
		Debug|Any CPU = Debug|Any CPU
		Release|Any CPU = Release|Any CPU
	EndGlobalSection
	GlobalSection(ProjectConfigurationPlatforms) = postSolution
		{451F13D5-1C1C-F44B-0193-4E2EBA225952}.Debug|Any CPU.ActiveCfg = Debug|Any CPU
		{451F13D5-1C1C-F44B-0193-4E2EBA225952}.Debug|Any CPU.Build.0 = Debug|Any CPU
		{451F13D5-1C1C-F44B-0193-4E2EBA225952}.Release|Any CPU.ActiveCfg = Release|Any CPU
		{451F13D5-1C1C-F44B-0193-4E2EBA225952}.Release|Any CPU.Build.0 = Release|Any CPU
		{FE9E0193-25E0-A99C-7572-5F17F827BE2C}.Debug|Any CPU.ActiveCfg = Debug|Any CPU
		{FE9E0193-25E0-A99C-7572-5F17F827BE2C}.Debug|Any CPU.Build.0 = Debug|Any CPU
		{FE9E0193-25E0-A99C-7572-5F17F827BE2C}.Release|Any CPU.ActiveCfg = Release|Any CPU
		{FE9E0193-25E0-A99C-7572-5F17F827BE2C}.Release|Any CPU.Build.0 = Release|Any CPU
	EndGlobalSection
	GlobalSection(SolutionProperties) = preSolution
		HideSolutionNode = FALSE
	EndGlobalSection
EndGlobal
