
Microsoft Visual Studio Solution File, Format Version 11.00
# Visual Studio 2010
Project("{FAE04EC0-301F-11D3-BF4B-00C04F79EFBC}") = "Assembly-CSharp", "Assembly-CSharp.csproj", "{00c1082b-4ca7-ee5d-bccb-6d4edd20e45c}"
EndProject
Project("{FAE04EC0-301F-11D3-BF4B-00C04F79EFBC}") = "Assembly-CSharp-Editor", "Assembly-CSharp-Editor.csproj", "{1ffee7af-0a90-df84-5add-7a064703581a}"
EndProject
Global
	GlobalSection(SolutionConfigurationPlatforms) = preSolution
		Debug|Any CPU = Debug|Any CPU
	EndGlobalSection
	GlobalSection(ProjectConfigurationPlatforms) = postSolution
		{00c1082b-4ca7-ee5d-bccb-6d4edd20e45c}.Debug|Any CPU.ActiveCfg = Debug|Any CPU
		{00c1082b-4ca7-ee5d-bccb-6d4edd20e45c}.Debug|Any CPU.Build.0 = Debug|Any CPU
		{1ffee7af-0a90-df84-5add-7a064703581a}.Debug|Any CPU.ActiveCfg = Debug|Any CPU
		{1ffee7af-0a90-df84-5add-7a064703581a}.Debug|Any CPU.Build.0 = Debug|Any CPU
	EndGlobalSection
	GlobalSection(SolutionProperties) = preSolution
		HideSolutionNode = FALSE
	EndGlobalSection
EndGlobal
